
Microsoft Visual Studio Solution File, Format Version 12.00
# Visual Studio Version 17
VisualStudioVersion = 17.13.35818.85
MinimumVisualStudioVersion = 10.0.40219.1
Project("{FAE04EC0-301F-11D3-BF4B-00C04F79EFBC}") = "SkipAuth", "SkipAuth\SkipAuth.csproj", "{8C57FD15-E578-4DDE-A440-9535AD5651DB}"
EndProject
Global
	GlobalSection(SolutionConfigurationPlatforms) = preSolution
		Debug|Any CPU = Debug|Any CPU
		Release|Any CPU = Release|Any CPU
	EndGlobalSection
	GlobalSection(ProjectConfigurationPlatforms) = postSolution
		{8C57FD15-E578-4DDE-A440-9535AD5651DB}.Debug|Any CPU.ActiveCfg = Debug|Any CPU
		{8C57FD15-E578-4DDE-A440-9535AD5651DB}.Debug|Any CPU.Build.0 = Debug|Any CPU
		{8C57FD15-E578-4DDE-A440-9535AD5651DB}.Release|Any CPU.ActiveCfg = Release|Any CPU
		{8C57FD15-E578-4DDE-A440-9535AD5651DB}.Release|Any CPU.Build.0 = Release|Any CPU
	EndGlobalSection
	GlobalSection(SolutionProperties) = preSolution
		HideSolutionNode = FALSE
	EndGlobalSection
	GlobalSection(ExtensibilityGlobals) = postSolution
		SolutionGuid = {1F68DE3E-EE2A-4CF7-9C05-239C66151E90}
	EndGlobalSection
EndGlobal
